
Microsoft Visual Studio Solution File, Format Version 11.00
# Visual Studio 2010
Project("{FAE04EC0-301F-11D3-BF4B-00C04F79EFBC}") = "Assembly-CSharp", "Assembly-CSharp.csproj", "{1059BAD0-5F76-D9F9-A3AB-87C21B09BFDD}"
EndProject
Project("{FAE04EC0-301F-11D3-BF4B-00C04F79EFBC}") = "Unity.2D.Tilemap.Extras", "Unity.2D.Tilemap.Extras.csproj", "{3F4620F3-1A4B-A52B-F324-EFF153801675}"
EndProject
Project("{FAE04EC0-301F-11D3-BF4B-00C04F79EFBC}") = "Unity.2D.Tilemap.Extras.Editor", "Unity.2D.Tilemap.Extras.Editor.csproj", "{4C3E0805-0E29-3A32-43B3-BD1DC4DCC063}"
EndProject
Global
	GlobalSection(SolutionConfigurationPlatforms) = preSolution
		Debug|Any CPU = Debug|Any CPU
		Release|Any CPU = Release|Any CPU
	EndGlobalSection
	GlobalSection(ProjectConfigurationPlatforms) = postSolution
		{1059BAD0-5F76-D9F9-A3AB-87C21B09BFDD}.Debug|Any CPU.ActiveCfg = Debug|Any CPU
		{1059BAD0-5F76-D9F9-A3AB-87C21B09BFDD}.Debug|Any CPU.Build.0 = Debug|Any CPU
		{1059BAD0-5F76-D9F9-A3AB-87C21B09BFDD}.Release|Any CPU.ActiveCfg = Release|Any CPU
		{1059BAD0-5F76-D9F9-A3AB-87C21B09BFDD}.Release|Any CPU.Build.0 = Release|Any CPU
		{3F4620F3-1A4B-A52B-F324-EFF153801675}.Debug|Any CPU.ActiveCfg = Debug|Any CPU
		{3F4620F3-1A4B-A52B-F324-EFF153801675}.Debug|Any CPU.Build.0 = Debug|Any CPU
		{3F4620F3-1A4B-A52B-F324-EFF153801675}.Release|Any CPU.ActiveCfg = Release|Any CPU
		{3F4620F3-1A4B-A52B-F324-EFF153801675}.Release|Any CPU.Build.0 = Release|Any CPU
		{4C3E0805-0E29-3A32-43B3-BD1DC4DCC063}.Debug|Any CPU.ActiveCfg = Debug|Any CPU
		{4C3E0805-0E29-3A32-43B3-BD1DC4DCC063}.Debug|Any CPU.Build.0 = Debug|Any CPU
		{4C3E0805-0E29-3A32-43B3-BD1DC4DCC063}.Release|Any CPU.ActiveCfg = Release|Any CPU
		{4C3E0805-0E29-3A32-43B3-BD1DC4DCC063}.Release|Any CPU.Build.0 = Release|Any CPU
	EndGlobalSection
	GlobalSection(SolutionProperties) = preSolution
		HideSolutionNode = FALSE
	EndGlobalSection
EndGlobal
